lockVersion: 2.0.0
id: 6d7af084-3c1c-41a0-8d97-3708fff92690
management:
  docChecksum: 3afc36b6479b9533f60bf66bba8956bb
  docVersion: 1.0.0
  speakeasyVersion: internal
  generationVersion: 2.234.3
  releaseVersion: 2.1.2
  configChecksum: f29f4a75071f61ab226bef6b682d21f9
  repoURL: https://github.com/speakeasy-sdks/us-test-nolan.git
  repoSubDirectory: .
  installationURL: https://github.com/speakeasy-sdks/us-test-nolan
  published: true
features:
  go:
    core: 3.3.1
    globalServerURLs: 2.82.1
    nameOverrides: 2.81.1
    unions: 2.85.2
generatedFiles:
  - pipelinev0031.go
  - pipelinev0.go
  - ustest.go
  - go.mod
  - go.sum
  - tests/helpers.go
  - pkg/models/sdkerrors/sdkerror.go
  - pkg/types/bigint.go
  - pkg/types/date.go
  - pkg/types/datetime.go
  - pkg/types/decimal.go
  - pkg/types/pointers.go
  - pkg/utils/contenttype.go
  - pkg/utils/form.go
  - pkg/utils/headers.go
  - pkg/utils/json.go
  - pkg/utils/pathparams.go
  - pkg/utils/queryparams.go
  - pkg/utils/requestbody.go
  - pkg/utils/retries.go
  - pkg/utils/security.go
  - pkg/utils/utils.go
  - /pkg/models/operations/pipeline1generalv0031generalpost.go
  - /pkg/models/operations/pipeline1generalv0generalpost.go
  - /pkg/models/sdkerrors/httpvalidationerror.go
  - /pkg/models/shared/validationerror.go
  - /pkg/models/shared/pipelinebodyv0031.go
  - /pkg/models/shared/pipelinebodyv0.go
  - docs/pkg/models/operations/pipeline1generalv0031generalpostrequest.md
  - docs/pkg/models/operations/pipeline1generalv0031generalpostresponse.md
  - docs/pkg/models/operations/pipeline1generalv0generalpostrequest.md
  - docs/pkg/models/operations/pipeline1generalv0generalpostresponse.md
  - docs/pkg/models/sdkerrors/httpvalidationerror.md
  - docs/pkg/models/shared/loc.md
  - docs/pkg/models/shared/validationerror.md
  - docs/pkg/models/shared/pipelinebodyv0031files.md
  - docs/pkg/models/shared/pipelinebodyv0031.md
  - docs/pkg/models/shared/files.md
  - docs/pkg/models/shared/pipelinebodyv0.md
  - docs/sdks/ustest/README.md
  - docs/sdks/pipelinev0031/README.md
  - docs/sdks/pipelinev0/README.md
  - USAGE.md
  - .gitattributes
